
Microsoft Visual Studio Solution File, Format Version 11.00
# Visual Studio 2010
Project("{FAE04EC0-301F-11D3-BF4B-00C04F79EFBC}") = "EnumerateProcess", "EnumerateProcess\EnumerateProcess.csproj", "{B9567034-4AC7-4C9A-8F6B-BE1DEDEC76BE}"
EndProject
Global
	GlobalSection(SolutionConfigurationPlatforms) = preSolution
		Debug|Any CPU = Debug|Any CPU
		Release|Any CPU = Release|Any CPU
	EndGlobalSection
	GlobalSection(ProjectConfigurationPlatforms) = postSolution
		{B9567034-4AC7-4C9A-8F6B-BE1DEDEC76BE}.Debug|Any CPU.ActiveCfg = Debug|Any CPU
		{B9567034-4AC7-4C9A-8F6B-BE1DEDEC76BE}.Debug|Any CPU.Build.0 = Debug|Any CPU
		{B9567034-4AC7-4C9A-8F6B-BE1DEDEC76BE}.Release|Any CPU.ActiveCfg = Release|Any CPU
		{B9567034-4AC7-4C9A-8F6B-BE1DEDEC76BE}.Release|Any CPU.Build.0 = Release|Any CPU
	EndGlobalSection
	GlobalSection(SolutionProperties) = preSolution
		HideSolutionNode = FALSE
	EndGlobalSection
EndGlobal
